
Microsoft Visual Studio Solution File, Format Version 12.00
# Visual Studio Version 17
VisualStudioVersion = 17.0.31919.166
MinimumVisualStudioVersion = 10.0.40219.1
Project("{FAE04EC0-301F-11D3-BF4B-00C04F79EFBC}") = "CDC", "CDC\CDC.csproj", "{DFB03D0F-66FA-4858-AE49-936C49E9F2BD}"
EndProject
Global
	GlobalSection(SolutionConfigurationPlatforms) = preSolution
		Debug|Any CPU = Debug|Any CPU
		Release|Any CPU = Release|Any CPU
	EndGlobalSection
	GlobalSection(ProjectConfigurationPlatforms) = postSolution
		{DFB03D0F-66FA-4858-AE49-936C49E9F2BD}.Debug|Any CPU.ActiveCfg = Debug|Any CPU
		{DFB03D0F-66FA-4858-AE49-936C49E9F2BD}.Debug|Any CPU.Build.0 = Debug|Any CPU
		{DFB03D0F-66FA-4858-AE49-936C49E9F2BD}.Release|Any CPU.ActiveCfg = Release|Any CPU
		{DFB03D0F-66FA-4858-AE49-936C49E9F2BD}.Release|Any CPU.Build.0 = Release|Any CPU
	EndGlobalSection
	GlobalSection(SolutionProperties) = preSolution
		HideSolutionNode = FALSE
	EndGlobalSection
	GlobalSection(ExtensibilityGlobals) = postSolution
		SolutionGuid = {37DCF5C4-EC22-410E-825E-F065CBFFFA55}
	EndGlobalSection
EndGlobal
